
Microsoft Visual Studio Solution File, Format Version 12.00
# Visual Studio Version 17
VisualStudioVersion = 17.7.34202.233
MinimumVisualStudioVersion = 10.0.40219.1
Project("{8BC9CEB8-8B4A-11D0-8D11-00A0C91BC942}") = "tema2-c", "tema2-c\tema2-c.vcxproj", "{EFE1A665-8817-46F9-AF00-9D706E9CFD3E}"
EndProject
Global
	GlobalSection(SolutionConfigurationPlatforms) = preSolution
		Debug|x64 = Debug|x64
		Debug|x86 = Debug|x86
		Release|x64 = Release|x64
		Release|x86 = Release|x86
	EndGlobalSection
	GlobalSection(ProjectConfigurationPlatforms) = postSolution
		{EFE1A665-8817-46F9-AF00-9D706E9CFD3E}.Debug|x64.ActiveCfg = Debug|x64
		{EFE1A665-8817-46F9-AF00-9D706E9CFD3E}.Debug|x64.Build.0 = Debug|x64
		{EFE1A665-8817-46F9-AF00-9D706E9CFD3E}.Debug|x86.ActiveCfg = Debug|Win32
		{EFE1A665-8817-46F9-AF00-9D706E9CFD3E}.Debug|x86.Build.0 = Debug|Win32
		{EFE1A665-8817-46F9-AF00-9D706E9CFD3E}.Release|x64.ActiveCfg = Release|x64
		{EFE1A665-8817-46F9-AF00-9D706E9CFD3E}.Release|x64.Build.0 = Release|x64
		{EFE1A665-8817-46F9-AF00-9D706E9CFD3E}.Release|x86.ActiveCfg = Release|Win32
		{EFE1A665-8817-46F9-AF00-9D706E9CFD3E}.Release|x86.Build.0 = Release|Win32
	EndGlobalSection
	GlobalSection(SolutionProperties) = preSolution
		HideSolutionNode = FALSE
	EndGlobalSection
	GlobalSection(ExtensibilityGlobals) = postSolution
		SolutionGuid = {9503F8F7-7C47-45C7-9C81-434B240B6871}
	EndGlobalSection
EndGlobal
